// !$*UTF8*$!
{
	archiveVersion = 1;
	classes = {
	};
	objectVersion = 50;
	objects = {

/* Begin PBXBuildFile section */
		F4037A7122B44377000BD673 /* HomeViewModel.swift in Sources */ = {isa = PBXBuildFile; fileRef = F4037A7022B44377000BD673 /* HomeViewModel.swift */; };
		F4037A7322B44388000BD673 /* ExperienceViewModel.swift in Sources */ = {isa = PBXBuildFile; fileRef = F4037A7222B44388000BD673 /* ExperienceViewModel.swift */; };
		F4037A7522B44397000BD673 /* SkillsViewModel.swift in Sources */ = {isa = PBXBuildFile; fileRef = F4037A7422B44397000BD673 /* SkillsViewModel.swift */; };
		F4037A7722B443A3000BD673 /* ProjectViewModel.swift in Sources */ = {isa = PBXBuildFile; fileRef = F4037A7622B443A3000BD673 /* ProjectViewModel.swift */; };
		F4037A7922B44412000BD673 /* EducationViewModel.swift in Sources */ = {isa = PBXBuildFile; fileRef = F4037A7822B44412000BD673 /* EducationViewModel.swift */; };
		F4037A7C22B45D53000BD673 /* APIConstants.swift in Sources */ = {isa = PBXBuildFile; fileRef = F4037A7B22B45D53000BD673 /* APIConstants.swift */; };
		F4037A7E22B45E86000BD673 /* APIRouter.swift in Sources */ = {isa = PBXBuildFile; fileRef = F4037A7D22B45E86000BD673 /* APIRouter.swift */; };
		F4037A8122B46443000BD673 /* APIClient.swift in Sources */ = {isa = PBXBuildFile; fileRef = F4037A8022B46443000BD673 /* APIClient.swift */; };
		F4037A8322B4692F000BD673 /* APIManager.swift in Sources */ = {isa = PBXBuildFile; fileRef = F4037A8222B4692F000BD673 /* APIManager.swift */; };
		F4037A8522B469FD000BD673 /* ProfessionalSummeryModel.swift in Sources */ = {isa = PBXBuildFile; fileRef = F4037A8422B469FD000BD673 /* ProfessionalSummeryModel.swift */; };
		F4F829BA22B402D7008B5999 /* AppDelegate.swift in Sources */ = {isa = PBXBuildFile; fileRef = F4F829B922B402D7008B5999 /* AppDelegate.swift */; };
		F4F829C122B402D7008B5999 /* Main.storyboard in Resources */ = {isa = PBXBuildFile; fileRef = F4F829BF22B402D7008B5999 /* Main.storyboard */; };
		F4F829C322B402D8008B5999 /* Assets.xcassets in Resources */ = {isa = PBXBuildFile; fileRef = F4F829C222B402D8008B5999 /* Assets.xcassets */; };
		F4F829C622B402D8008B5999 /* LaunchScreen.storyboard in Resources */ = {isa = PBXBuildFile; fileRef = F4F829C422B402D8008B5999 /* LaunchScreen.storyboard */; };
		F4F829D122B402D8008B5999 /* MyPortfolioTests.swift in Sources */ = {isa = PBXBuildFile; fileRef = F4F829D022B402D8008B5999 /* MyPortfolioTests.swift */; };
		F4F829F122B40582008B5999 /* Constants.swift in Sources */ = {isa = PBXBuildFile; fileRef = F4F829F022B40582008B5999 /* Constants.swift */; };
		F4F829F322B40690008B5999 /* HomeViewController.swift in Sources */ = {isa = PBXBuildFile; fileRef = F4F829F222B40690008B5999 /* HomeViewController.swift */; };
		F4F829F522B4069D008B5999 /* ExperienceViewController.swift in Sources */ = {isa = PBXBuildFile; fileRef = F4F829F422B4069D008B5999 /* ExperienceViewController.swift */; };
		F4F829F722B406B7008B5999 /* ProjectsViewController.swift in Sources */ = {isa = PBXBuildFile; fileRef = F4F829F622B406B7008B5999 /* ProjectsViewController.swift */; };
		F4F829F922B406C7008B5999 /* SkillsViewController.swift in Sources */ = {isa = PBXBuildFile; fileRef = F4F829F822B406C7008B5999 /* SkillsViewController.swift */; };
		F4F829FB22B4070C008B5999 /* EducationViewController.swift in Sources */ = {isa = PBXBuildFile; fileRef = F4F829FA22B4070C008B5999 /* EducationViewController.swift */; };
		F4F829FD22B40820008B5999 /* UIViewController.swift in Sources */ = {isa = PBXBuildFile; fileRef = F4F829FC22B40820008B5999 /* UIViewController.swift */; };
		F4F829FF22B40AD9008B5999 /* UIImageView.swift in Sources */ = {isa = PBXBuildFile; fileRef = F4F829FE22B40AD9008B5999 /* UIImageView.swift */; };
		F4F82A0222B40B0B008B5999 /* String.swift in Sources */ = {isa = PBXBuildFile; fileRef = F4F82A0122B40B0B008B5999 /* String.swift */; };
		F4F82A0422B40B9B008B5999 /* UIColor.swift in Sources */ = {isa = PBXBuildFile; fileRef = F4F82A0322B40B9B008B5999 /* UIColor.swift */; };
		F4F82A0622B40BF9008B5999 /* UIView.swift in Sources */ = {isa = PBXBuildFile; fileRef = F4F82A0522B40BF9008B5999 /* UIView.swift */; };
		F4F82A0822B40CBC008B5999 /* TimeInterval.swift in Sources */ = {isa = PBXBuildFile; fileRef = F4F82A0722B40CBC008B5999 /* TimeInterval.swift */; };
/* End PBXBuildFile section */

/* Begin PBXContainerItemProxy section */
		F4F829CD22B402D8008B5999 /* PBXContainerItemProxy */ = {
			isa = PBXContainerItemProxy;
			containerPortal = F4F829AE22B402D7008B5999 /* Project object */;
			proxyType = 1;
			remoteGlobalIDString = F4F829B522B402D7008B5999;
			remoteInfo = MyPortfolio;
		};
/* End PBXContainerItemProxy section */

/* Begin PBXFileReference section */
		F4037A7022B44377000BD673 /* HomeViewModel.swift */ = {isa = PBXFileReference; lastKnownFileType = sourcecode.swift; path = HomeViewModel.swift; sourceTree = "<group>"; };
		F4037A7222B44388000BD673 /* ExperienceViewModel.swift */ = {isa = PBXFileReference; lastKnownFileType = sourcecode.swift; path = ExperienceViewModel.swift; sourceTree = "<group>"; };
		F4037A7422B44397000BD673 /* SkillsViewModel.swift */ = {isa = PBXFileReference; lastKnownFileType = sourcecode.swift; path = SkillsViewModel.swift; sourceTree = "<group>"; };
		F4037A7622B443A3000BD673 /* ProjectViewModel.swift */ = {isa = PBXFileReference; lastKnownFileType = sourcecode.swift; path = ProjectViewModel.swift; sourceTree = "<group>"; };
		F4037A7822B44412000BD673 /* EducationViewModel.swift */ = {isa = PBXFileReference; lastKnownFileType = sourcecode.swift; path = EducationViewModel.swift; sourceTree = "<group>"; };
		F4037A7B22B45D53000BD673 /* APIConstants.swift */ = {isa = PBXFileReference; lastKnownFileType = sourcecode.swift; path = APIConstants.swift; sourceTree = "<group>"; };
		F4037A7D22B45E86000BD673 /* APIRouter.swift */ = {isa = PBXFileReference; lastKnownFileType = sourcecode.swift; path = APIRouter.swift; sourceTree = "<group>"; };
		F4037A8022B46443000BD673 /* APIClient.swift */ = {isa = PBXFileReference; lastKnownFileType = sourcecode.swift; path = APIClient.swift; sourceTree = "<group>"; };
		F4037A8222B4692F000BD673 /* APIManager.swift */ = {isa = PBXFileReference; lastKnownFileType = sourcecode.swift; path = APIManager.swift; sourceTree = "<group>"; };
		F4037A8422B469FD000BD673 /* ProfessionalSummeryModel.swift */ = {isa = PBXFileReference; lastKnownFileType = sourcecode.swift; path = ProfessionalSummeryModel.swift; sourceTree = "<group>"; };
		F4F829B622B402D7008B5999 /* MyPortfolio.app */ = {isa = PBXFileReference; explicitFileType = wrapper.application; includeInIndex = 0; path = MyPortfolio.app; sourceTree = BUILT_PRODUCTS_DIR; };
		F4F829B922B402D7008B5999 /* AppDelegate.swift */ = {isa = PBXFileReference; lastKnownFileType = sourcecode.swift; path = AppDelegate.swift; sourceTree = "<group>"; };
		F4F829C022B402D7008B5999 /* Base */ = {isa = PBXFileReference; lastKnownFileType = file.storyboard; name = Base; path = Base.lproj/Main.storyboard; sourceTree = "<group>"; };
		F4F829C222B402D8008B5999 /* Assets.xcassets */ = {isa = PBXFileReference; lastKnownFileType = folder.assetcatalog; path = Assets.xcassets; sourceTree = "<group>"; };
		F4F829C522B402D8008B5999 /* Base */ = {isa = PBXFileReference; lastKnownFileType = file.storyboard; name = Base; path = Base.lproj/LaunchScreen.storyboard; sourceTree = "<group>"; };
		F4F829C722B402D8008B5999 /* Info.plist */ = {isa = PBXFileReference; lastKnownFileType = text.plist.xml; path = Info.plist; sourceTree = "<group>"; };
		F4F829CC22B402D8008B5999 /* MyPortfolioTests.xctest */ = {isa = PBXFileReference; explicitFileType = wrapper.cfbundle; includeInIndex = 0; path = MyPortfolioTests.xctest; sourceTree = BUILT_PRODUCTS_DIR; };
		F4F829D022B402D8008B5999 /* MyPortfolioTests.swift */ = {isa = PBXFileReference; lastKnownFileType = sourcecode.swift; path = MyPortfolioTests.swift; sourceTree = "<group>"; };
		F4F829D222B402D8008B5999 /* Info.plist */ = {isa = PBXFileReference; lastKnownFileType = text.plist.xml; path = Info.plist; sourceTree = "<group>"; };
		F4F829F022B40582008B5999 /* Constants.swift */ = {isa = PBXFileReference; lastKnownFileType = sourcecode.swift; path = Constants.swift; sourceTree = "<group>"; };
		F4F829F222B40690008B5999 /* HomeViewController.swift */ = {isa = PBXFileReference; lastKnownFileType = sourcecode.swift; path = HomeViewController.swift; sourceTree = "<group>"; };
		F4F829F422B4069D008B5999 /* ExperienceViewController.swift */ = {isa = PBXFileReference; lastKnownFileType = sourcecode.swift; path = ExperienceViewController.swift; sourceTree = "<group>"; };
		F4F829F622B406B7008B5999 /* ProjectsViewController.swift */ = {isa = PBXFileReference; lastKnownFileType = sourcecode.swift; path = ProjectsViewController.swift; sourceTree = "<group>"; };
		F4F829F822B406C7008B5999 /* SkillsViewController.swift */ = {isa = PBXFileReference; lastKnownFileType = sourcecode.swift; path = SkillsViewController.swift; sourceTree = "<group>"; };
		F4F829FA22B4070C008B5999 /* EducationViewController.swift */ = {isa = PBXFileReference; lastKnownFileType = sourcecode.swift; path = EducationViewController.swift; sourceTree = "<group>"; };
		F4F829FC22B40820008B5999 /* UIViewController.swift */ = {isa = PBXFileReference; lastKnownFileType = sourcecode.swift; path = UIViewController.swift; sourceTree = "<group>"; };
		F4F829FE22B40AD9008B5999 /* UIImageView.swift */ = {isa = PBXFileReference; lastKnownFileType = sourcecode.swift; path = UIImageView.swift; sourceTree = "<group>"; };
		F4F82A0122B40B0B008B5999 /* String.swift */ = {isa = PBXFileReference; lastKnownFileType = sourcecode.swift; path = String.swift; sourceTree = "<group>"; };
		F4F82A0322B40B9B008B5999 /* UIColor.swift */ = {isa = PBXFileReference; lastKnownFileType = sourcecode.swift; path = UIColor.swift; sourceTree = "<group>"; };
		F4F82A0522B40BF9008B5999 /* UIView.swift */ = {isa = PBXFileReference; lastKnownFileType = sourcecode.swift; path = UIView.swift; sourceTree = "<group>"; };
		F4F82A0722B40CBC008B5999 /* TimeInterval.swift */ = {isa = PBXFileReference; lastKnownFileType = sourcecode.swift; path = TimeInterval.swift; sourceTree = "<group>"; };
/* End PBXFileReference section */

/* Begin PBXFrameworksBuildPhase section */
		F4F829B322B402D7008B5999 /* Frameworks */ = {
			isa = PBXFrameworksBuildPhase;
			buildActionMask = 2147483647;
			files = (
			);
			runOnlyForDeploymentPostprocessing = 0;
		};
		F4F829C922B402D8008B5999 /* Frameworks */ = {
			isa = PBXFrameworksBuildPhase;
			buildActionMask = 2147483647;
			files = (
			);
			runOnlyForDeploymentPostprocessing = 0;
		};
/* End PBXFrameworksBuildPhase section */

/* Begin PBXGroup section */
		F4037A7A22B45D39000BD673 /* API */ = {
			isa = PBXGroup;
			children = (
				F4037A7B22B45D53000BD673 /* APIConstants.swift */,
				F4037A7D22B45E86000BD673 /* APIRouter.swift */,
				F4037A8022B46443000BD673 /* APIClient.swift */,
				F4037A8222B4692F000BD673 /* APIManager.swift */,
			);
			path = API;
			sourceTree = "<group>";
		};
		F4F829AD22B402D7008B5999 = {
			isa = PBXGroup;
			children = (
				F4F829B822B402D7008B5999 /* MyPortfolio */,
				F4F829CF22B402D8008B5999 /* MyPortfolioTests */,
				F4F829B722B402D7008B5999 /* Products */,
			);
			sourceTree = "<group>";
		};
		F4F829B722B402D7008B5999 /* Products */ = {
			isa = PBXGroup;
			children = (
				F4F829B622B402D7008B5999 /* MyPortfolio.app */,
				F4F829CC22B402D8008B5999 /* MyPortfolioTests.xctest */,
			);
			name = Products;
			sourceTree = "<group>";
		};
		F4F829B822B402D7008B5999 /* MyPortfolio */ = {
			isa = PBXGroup;
			children = (
				F4037A7A22B45D39000BD673 /* API */,
				F4F829E922B402F6008B5999 /* Launch Delegate */,
				F4F829DC22B402F5008B5999 /* Constants */,
				F4F829E822B402F5008B5999 /* Controller */,
				F4F829E622B402F5008B5999 /* DataSource */,
				F4F829E722B402F5008B5999 /* Extensions */,
				F4F829E222B402F5008B5999 /* MVVM */,
				F4F829DB22B402F5008B5999 /* SupportFiles */,
				F4F829DD22B402F5008B5999 /* UIInterface */,
			);
			path = MyPortfolio;
			sourceTree = "<group>";
		};
		F4F829CF22B402D8008B5999 /* MyPortfolioTests */ = {
			isa = PBXGroup;
			children = (
				F4F829D022B402D8008B5999 /* MyPortfolioTests.swift */,
				F4F829D222B402D8008B5999 /* Info.plist */,
			);
			path = MyPortfolioTests;
			sourceTree = "<group>";
		};
		F4F829DB22B402F5008B5999 /* SupportFiles */ = {
			isa = PBXGroup;
			children = (
				F4F829C222B402D8008B5999 /* Assets.xcassets */,
				F4F829C722B402D8008B5999 /* Info.plist */,
			);
			path = SupportFiles;
			sourceTree = "<group>";
		};
		F4F829DC22B402F5008B5999 /* Constants */ = {
			isa = PBXGroup;
			children = (
				F4F829F022B40582008B5999 /* Constants.swift */,
			);
			path = Constants;
			sourceTree = "<group>";
		};
		F4F829DD22B402F5008B5999 /* UIInterface */ = {
			isa = PBXGroup;
			children = (
				F4F829BF22B402D7008B5999 /* Main.storyboard */,
				F4F829C422B402D8008B5999 /* LaunchScreen.storyboard */,
			);
			path = UIInterface;
			sourceTree = "<group>";
		};
		F4F829E222B402F5008B5999 /* MVVM */ = {
			isa = PBXGroup;
			children = (
				F4F829E322B402F5008B5999 /* ViewModel */,
				F4F829E422B402F5008B5999 /* Model */,
				F4F829E522B402F5008B5999 /* View */,
			);
			path = MVVM;
			sourceTree = "<group>";
		};
		F4F829E322B402F5008B5999 /* ViewModel */ = {
			isa = PBXGroup;
			children = (
				F4037A7022B44377000BD673 /* HomeViewModel.swift */,
				F4037A7222B44388000BD673 /* ExperienceViewModel.swift */,
				F4037A7422B44397000BD673 /* SkillsViewModel.swift */,
				F4037A7622B443A3000BD673 /* ProjectViewModel.swift */,
				F4037A7822B44412000BD673 /* EducationViewModel.swift */,
			);
			path = ViewModel;
			sourceTree = "<group>";
		};
		F4F829E422B402F5008B5999 /* Model */ = {
			isa = PBXGroup;
			children = (
				F4037A8422B469FD000BD673 /* ProfessionalSummeryModel.swift */,
			);
			path = Model;
			sourceTree = "<group>";
		};
		F4F829E522B402F5008B5999 /* View */ = {
			isa = PBXGroup;
			children = (
				F4F82A0922B40CE3008B5999 /* TableViewCell */,
			);
			path = View;
			sourceTree = "<group>";
		};
		F4F829E622B402F5008B5999 /* DataSource */ = {
			isa = PBXGroup;
			children = (
			);
			path = DataSource;
			sourceTree = "<group>";
		};
		F4F829E722B402F5008B5999 /* Extensions */ = {
			isa = PBXGroup;
			children = (
				F4F829FC22B40820008B5999 /* UIViewController.swift */,
				F4F82A0522B40BF9008B5999 /* UIView.swift */,
				F4F829FE22B40AD9008B5999 /* UIImageView.swift */,
				F4F82A0322B40B9B008B5999 /* UIColor.swift */,
				F4F82A0122B40B0B008B5999 /* String.swift */,
				F4F82A0722B40CBC008B5999 /* TimeInterval.swift */,
			);
			path = Extensions;
			sourceTree = "<group>";
		};
		F4F829E822B402F5008B5999 /* Controller */ = {
			isa = PBXGroup;
			children = (
				F4F829F222B40690008B5999 /* HomeViewController.swift */,
				F4F829F422B4069D008B5999 /* ExperienceViewController.swift */,
				F4F829F822B406C7008B5999 /* SkillsViewController.swift */,
				F4F829F622B406B7008B5999 /* ProjectsViewController.swift */,
				F4F829FA22B4070C008B5999 /* EducationViewController.swift */,
			);
			path = Controller;
			sourceTree = "<group>";
		};
		F4F829E922B402F6008B5999 /* Launch Delegate */ = {
			isa = PBXGroup;
			children = (
				F4F829B922B402D7008B5999 /* AppDelegate.swift */,
			);
			path = "Launch Delegate";
			sourceTree = "<group>";
		};
		F4F82A0922B40CE3008B5999 /* TableViewCell */ = {
			isa = PBXGroup;
			children = (
			);
			path = TableViewCell;
			sourceTree = "<group>";
		};
/* End PBXGroup section */

/* Begin PBXNativeTarget section */
		F4F829B522B402D7008B5999 /* MyPortfolio */ = {
			isa = PBXNativeTarget;
			buildConfigurationList = F4F829D522B402D8008B5999 /* Build configuration list for PBXNativeTarget "MyPortfolio" */;
			buildPhases = (
				F4F829B222B402D7008B5999 /* Sources */,
				F4F829B322B402D7008B5999 /* Frameworks */,
				F4F829B422B402D7008B5999 /* Resources */,
			);
			buildRules = (
			);
			dependencies = (
			);
			name = MyPortfolio;
			productName = MyPortfolio;
			productReference = F4F829B622B402D7008B5999 /* MyPortfolio.app */;
			productType = "com.apple.product-type.application";
		};
		F4F829CB22B402D8008B5999 /* MyPortfolioTests */ = {
			isa = PBXNativeTarget;
			buildConfigurationList = F4F829D822B402D8008B5999 /* Build configuration list for PBXNativeTarget "MyPortfolioTests" */;
			buildPhases = (
				F4F829C822B402D8008B5999 /* Sources */,
				F4F829C922B402D8008B5999 /* Frameworks */,
				F4F829CA22B402D8008B5999 /* Resources */,
			);
			buildRules = (
			);
			dependencies = (
				F4F829CE22B402D8008B5999 /* PBXTargetDependency */,
			);
			name = MyPortfolioTests;
			productName = MyPortfolioTests;
			productReference = F4F829CC22B402D8008B5999 /* MyPortfolioTests.xctest */;
			productType = "com.apple.product-type.bundle.unit-test";
		};
/* End PBXNativeTarget section */

/* Begin PBXProject section */
		F4F829AE22B402D7008B5999 /* Project object */ = {
			isa = PBXProject;
			attributes = {
				LastSwiftUpdateCheck = 1020;
				LastUpgradeCheck = 1020;
				ORGANIZATIONNAME = "Arunprasat Selvaraj";
				TargetAttributes = {
					F4F829B522B402D7008B5999 = {
						CreatedOnToolsVersion = 10.2.1;
					};
					F4F829CB22B402D8008B5999 = {
						CreatedOnToolsVersion = 10.2.1;
						TestTargetID = F4F829B522B402D7008B5999;
					};
				};
			};
			buildConfigurationList = F4F829B122B402D7008B5999 /* Build configuration list for PBXProject "MyPortfolio" */;
			compatibilityVersion = "Xcode 9.3";
			developmentRegion = en;
			hasScannedForEncodings = 0;
			knownRegions = (
				en,
				Base,
			);
			mainGroup = F4F829AD22B402D7008B5999;
			productRefGroup = F4F829B722B402D7008B5999 /* Products */;
			projectDirPath = "";
			projectRoot = "";
			targets = (
				F4F829B522B402D7008B5999 /* MyPortfolio */,
				F4F829CB22B402D8008B5999 /* MyPortfolioTests */,
			);
		};
/* End PBXProject section */

/* Begin PBXResourcesBuildPhase section */
		F4F829B422B402D7008B5999 /* Resources */ = {
			isa = PBXResourcesBuildPhase;
			buildActionMask = 2147483647;
			files = (
				F4F829C622B402D8008B5999 /* LaunchScreen.storyboard in Resources */,
				F4F829C322B402D8008B5999 /* Assets.xcassets in Resources */,
				F4F829C122B402D7008B5999 /* Main.storyboard in Resources */,
			);
			runOnlyForDeploymentPostprocessing = 0;
		};
		F4F829CA22B402D8008B5999 /* Resources */ = {
			isa = PBXResourcesBuildPhase;
			buildActionMask = 2147483647;
			files = (
			);
			runOnlyForDeploymentPostprocessing = 0;
		};
/* End PBXResourcesBuildPhase section */

/* Begin PBXSourcesBuildPhase section */
		F4F829B222B402D7008B5999 /* Sources */ = {
			isa = PBXSourcesBuildPhase;
			buildActionMask = 2147483647;
			files = (
				F4F829F522B4069D008B5999 /* ExperienceViewController.swift in Sources */,
				F4037A7E22B45E86000BD673 /* APIRouter.swift in Sources */,
				F4F829FF22B40AD9008B5999 /* UIImageView.swift in Sources */,
				F4037A7C22B45D53000BD673 /* APIConstants.swift in Sources */,
				F4037A8322B4692F000BD673 /* APIManager.swift in Sources */,
				F4F82A0222B40B0B008B5999 /* String.swift in Sources */,
				F4037A8522B469FD000BD673 /* ProfessionalSummeryModel.swift in Sources */,
				F4F829F722B406B7008B5999 /* ProjectsViewController.swift in Sources */,
				F4F82A0622B40BF9008B5999 /* UIView.swift in Sources */,
				F4037A7922B44412000BD673 /* EducationViewModel.swift in Sources */,
				F4037A8122B46443000BD673 /* APIClient.swift in Sources */,
				F4F829FB22B4070C008B5999 /* EducationViewController.swift in Sources */,
				F4F829BA22B402D7008B5999 /* AppDelegate.swift in Sources */,
				F4F829F122B40582008B5999 /* Constants.swift in Sources */,
				F4F82A0822B40CBC008B5999 /* TimeInterval.swift in Sources */,
				F4037A7722B443A3000BD673 /* ProjectViewModel.swift in Sources */,
				F4037A7122B44377000BD673 /* HomeViewModel.swift in Sources */,
				F4F82A0422B40B9B008B5999 /* UIColor.swift in Sources */,
				F4F829F922B406C7008B5999 /* SkillsViewController.swift in Sources */,
				F4037A7322B44388000BD673 /* ExperienceViewModel.swift in Sources */,
				F4F829FD22B40820008B5999 /* UIViewController.swift in Sources */,
				F4037A7522B44397000BD673 /* SkillsViewModel.swift in Sources */,
				F4F829F322B40690008B5999 /* HomeViewController.swift in Sources */,
			);
			runOnlyForDeploymentPostprocessing = 0;
		};
		F4F829C822B402D8008B5999 /* Sources */ = {
			isa = PBXSourcesBuildPhase;
			buildActionMask = 2147483647;
			files = (
				F4F829D122B402D8008B5999 /* MyPortfolioTests.swift in Sources */,
			);
			runOnlyForDeploymentPostprocessing = 0;
		};
/* End PBXSourcesBuildPhase section */

/* Begin PBXTargetDependency section */
		F4F829CE22B402D8008B5999 /* PBXTargetDependency */ = {
			isa = PBXTargetDependency;
			target = F4F829B522B402D7008B5999 /* MyPortfolio */;
			targetProxy = F4F829CD22B402D8008B5999 /* PBXContainerItemProxy */;
		};
/* End PBXTargetDependency section */

/* Begin PBXVariantGroup section */
		F4F829BF22B402D7008B5999 /* Main.storyboard */ = {
			isa = PBXVariantGroup;
			children = (
				F4F829C022B402D7008B5999 /* Base */,
			);
			name = Main.storyboard;
			sourceTree = "<group>";
		};
		F4F829C422B402D8008B5999 /* LaunchScreen.storyboard */ = {
			isa = PBXVariantGroup;
			children = (
				F4F829C522B402D8008B5999 /* Base */,
			);
			name = LaunchScreen.storyboard;
			sourceTree = "<group>";
		};
/* End PBXVariantGroup section */

/* Begin XCBuildConfiguration section */
		F4F829D322B402D8008B5999 /* Debug */ = {
			isa = XCBuildConfiguration;
			buildSettings = {
				ALWAYS_SEARCH_USER_PATHS = NO;
				CLANG_ANALYZER_NONNULL = YES;
				CLANG_ANALYZER_NUMBER_OBJECT_CONVERSION = YES_AGGRESSIVE;
				CLANG_CXX_LANGUAGE_STANDARD = "gnu++14";
				CLANG_CXX_LIBRARY = "libc++";
				CLANG_ENABLE_MODULES = YES;
				CLANG_ENABLE_OBJC_ARC = YES;
				CLANG_ENABLE_OBJC_WEAK = YES;
				CLANG_WARN_BLOCK_CAPTURE_AUTORELEASING = YES;
				CLANG_WARN_BOOL_CONVERSION = YES;
				CLANG_WARN_COMMA = YES;
				CLANG_WARN_CONSTANT_CONVERSION = YES;
				CLANG_WARN_DEPRECATED_OBJC_IMPLEMENTATIONS = YES;
				CLANG_WARN_DIRECT_OBJC_ISA_USAGE = YES_ERROR;
				CLANG_WARN_DOCUMENTATION_COMMENTS = YES;
				CLANG_WARN_EMPTY_BODY = YES;
				CLANG_WARN_ENUM_CONVERSION = YES;
				CLANG_WARN_INFINITE_RECURSION = YES;
				CLANG_WARN_INT_CONVERSION = YES;
				CLANG_WARN_NON_LITERAL_NULL_CONVERSION = YES;
				CLANG_WARN_OBJC_IMPLICIT_RETAIN_SELF = YES;
				CLANG_WARN_OBJC_LITERAL_CONVERSION = YES;
				CLANG_WARN_OBJC_ROOT_CLASS = YES_ERROR;
				CLANG_WARN_RANGE_LOOP_ANALYSIS = YES;
				CLANG_WARN_STRICT_PROTOTYPES = YES;
				CLANG_WARN_SUSPICIOUS_MOVE = YES;
				CLANG_WARN_UNGUARDED_AVAILABILITY = YES_AGGRESSIVE;
				CLANG_WARN_UNREACHABLE_CODE = YES;
				CLANG_WARN__DUPLICATE_METHOD_MATCH = YES;
				CODE_SIGN_IDENTITY = "iPhone Developer";
				COPY_PHASE_STRIP = NO;
				DEBUG_INFORMATION_FORMAT = dwarf;
				ENABLE_STRICT_OBJC_MSGSEND = YES;
				ENABLE_TESTABILITY = YES;
				GCC_C_LANGUAGE_STANDARD = gnu11;
				GCC_DYNAMIC_NO_PIC = NO;
				GCC_NO_COMMON_BLOCKS = YES;
				GCC_OPTIMIZATION_LEVEL = 0;
				GCC_PREPROCESSOR_DEFINITIONS = (
					"DEBUG=1",
					"$(inherited)",
				);
				GCC_WARN_64_TO_32_BIT_CONVERSION = YES;
				GCC_WARN_ABOUT_RETURN_TYPE = YES_ERROR;
				GCC_WARN_UNDECLARED_SELECTOR = YES;
				GCC_WARN_UNINITIALIZED_AUTOS = YES_AGGRESSIVE;
				GCC_WARN_UNUSED_FUNCTION = YES;
				GCC_WARN_UNUSED_VARIABLE = YES;
				IPHONEOS_DEPLOYMENT_TARGET = 12.2;
				MTL_ENABLE_DEBUG_INFO = INCLUDE_SOURCE;
				MTL_FAST_MATH = YES;
				ONLY_ACTIVE_ARCH = YES;
				SDKROOT = iphoneos;
				SWIFT_ACTIVE_COMPILATION_CONDITIONS = DEBUG;
				SWIFT_OPTIMIZATION_LEVEL = "-Onone";
			};
			name = Debug;
		};
		F4F829D422B402D8008B5999 /* Release */ = {
			isa = XCBuildConfiguration;
			buildSettings = {
				ALWAYS_SEARCH_USER_PATHS = NO;
				CLANG_ANALYZER_NONNULL = YES;
				CLANG_ANALYZER_NUMBER_OBJECT_CONVERSION = YES_AGGRESSIVE;
				CLANG_CXX_LANGUAGE_STANDARD = "gnu++14";
				CLANG_CXX_LIBRARY = "libc++";
				CLANG_ENABLE_MODULES = YES;
				CLANG_ENABLE_OBJC_ARC = YES;
				CLANG_ENABLE_OBJC_WEAK = YES;
				CLANG_WARN_BLOCK_CAPTURE_AUTORELEASING = YES;
				CLANG_WARN_BOOL_CONVERSION = YES;
				CLANG_WARN_COMMA = YES;
				CLANG_WARN_CONSTANT_CONVERSION = YES;
				CLANG_WARN_DEPRECATED_OBJC_IMPLEMENTATIONS = YES;
				CLANG_WARN_DIRECT_OBJC_ISA_USAGE = YES_ERROR;
				CLANG_WARN_DOCUMENTATION_COMMENTS = YES;
				CLANG_WARN_EMPTY_BODY = YES;
				CLANG_WARN_ENUM_CONVERSION = YES;
				CLANG_WARN_INFINITE_RECURSION = YES;
				CLANG_WARN_INT_CONVERSION = YES;
				CLANG_WARN_NON_LITERAL_NULL_CONVERSION = YES;
				CLANG_WARN_OBJC_IMPLICIT_RETAIN_SELF = YES;
				CLANG_WARN_OBJC_LITERAL_CONVERSION = YES;
				CLANG_WARN_OBJC_ROOT_CLASS = YES_ERROR;
				CLANG_WARN_RANGE_LOOP_ANALYSIS = YES;
				CLANG_WARN_STRICT_PROTOTYPES = YES;
				CLANG_WARN_SUSPICIOUS_MOVE = YES;
				CLANG_WARN_UNGUARDED_AVAILABILITY = YES_AGGRESSIVE;
				CLANG_WARN_UNREACHABLE_CODE = YES;
				CLANG_WARN__DUPLICATE_METHOD_MATCH = YES;
				CODE_SIGN_IDENTITY = "iPhone Developer";
				COPY_PHASE_STRIP = NO;
				DEBUG_INFORMATION_FORMAT = "dwarf-with-dsym";
				ENABLE_NS_ASSERTIONS = NO;
				ENABLE_STRICT_OBJC_MSGSEND = YES;
				GCC_C_LANGUAGE_STANDARD = gnu11;
				GCC_NO_COMMON_BLOCKS = YES;
				GCC_WARN_64_TO_32_BIT_CONVERSION = YES;
				GCC_WARN_ABOUT_RETURN_TYPE = YES_ERROR;
				GCC_WARN_UNDECLARED_SELECTOR = YES;
				GCC_WARN_UNINITIALIZED_AUTOS = YES_AGGRESSIVE;
				GCC_WARN_UNUSED_FUNCTION = YES;
				GCC_WARN_UNUSED_VARIABLE = YES;
				IPHONEOS_DEPLOYMENT_TARGET = 12.2;
				MTL_ENABLE_DEBUG_INFO = NO;
				MTL_FAST_MATH = YES;
				SDKROOT = iphoneos;
				SWIFT_COMPILATION_MODE = wholemodule;
				SWIFT_OPTIMIZATION_LEVEL = "-O";
				VALIDATE_PRODUCT = YES;
			};
			name = Release;
		};
		F4F829D622B402D8008B5999 /* Debug */ = {
			isa = XCBuildConfiguration;
			buildSettings = {
				ASSETCATALOG_COMPILER_APPICON_NAME = AppIcon;
				CODE_SIGN_STYLE = Automatic;
				DEVELOPMENT_TEAM = QZXD2F9AJ3;
				INFOPLIST_FILE = "$(SRCROOT)/MyPortfolio/SupportFiles/Info.plist";
				LD_RUNPATH_SEARCH_PATHS = (
					"$(inherited)",
					"@executable_path/Frameworks",
				);
				PRODUCT_BUNDLE_IDENTIFIER = Home.MyPortfolio;
				PRODUCT_NAME = "$(TARGET_NAME)";
				SWIFT_VERSION = 5.0;
				TARGETED_DEVICE_FAMILY = "1,2";
			};
			name = Debug;
		};
		F4F829D722B402D8008B5999 /* Release */ = {
			isa = XCBuildConfiguration;
			buildSettings = {
				ASSETCATALOG_COMPILER_APPICON_NAME = AppIcon;
				CODE_SIGN_STYLE = Automatic;
				DEVELOPMENT_TEAM = QZXD2F9AJ3;
				INFOPLIST_FILE = "$(SRCROOT)/MyPortfolio/SupportFiles/Info.plist";
				LD_RUNPATH_SEARCH_PATHS = (
					"$(inherited)",
					"@executable_path/Frameworks",
				);
				PRODUCT_BUNDLE_IDENTIFIER = Home.MyPortfolio;
				PRODUCT_NAME = "$(TARGET_NAME)";
				SWIFT_VERSION = 5.0;
				TARGETED_DEVICE_FAMILY = "1,2";
			};
			name = Release;
		};
		F4F829D922B402D8008B5999 /* Debug */ = {
			isa = XCBuildConfiguration;
			buildSettings = {
				ALWAYS_EMBED_SWIFT_STANDARD_LIBRARIES = YES;
				BUNDLE_LOADER = "$(TEST_HOST)";
				CODE_SIGN_STYLE = Automatic;
				DEVELOPMENT_TEAM = QZXD2F9AJ3;
				INFOPLIST_FILE = MyPortfolioTests/Info.plist;
				LD_RUNPATH_SEARCH_PATHS = (
					"$(inherited)",
					"@executable_path/Frameworks",
					"@loader_path/Frameworks",
				);
				PRODUCT_BUNDLE_IDENTIFIER = Home.MyPortfolioTests;
				PRODUCT_NAME = "$(TARGET_NAME)";
				SWIFT_VERSION = 5.0;
				TARGETED_DEVICE_FAMILY = "1,2";
				TEST_HOST = "$(BUILT_PRODUCTS_DIR)/MyPortfolio.app/MyPortfolio";
			};
			name = Debug;
		};
		F4F829DA22B402D8008B5999 /* Release */ = {
			isa = XCBuildConfiguration;
			buildSettings = {
				ALWAYS_EMBED_SWIFT_STANDARD_LIBRARIES = YES;
				BUNDLE_LOADER = "$(TEST_HOST)";
				CODE_SIGN_STYLE = Automatic;
				DEVELOPMENT_TEAM = QZXD2F9AJ3;
				INFOPLIST_FILE = MyPortfolioTests/Info.plist;
				LD_RUNPATH_SEARCH_PATHS = (
					"$(inherited)",
					"@executable_path/Frameworks",
					"@loader_path/Frameworks",
				);
				PRODUCT_BUNDLE_IDENTIFIER = Home.MyPortfolioTests;
				PRODUCT_NAME = "$(TARGET_NAME)";
				SWIFT_VERSION = 5.0;
				TARGETED_DEVICE_FAMILY = "1,2";
				TEST_HOST = "$(BUILT_PRODUCTS_DIR)/MyPortfolio.app/MyPortfolio";
			};
			name = Release;
		};
/* End XCBuildConfiguration section */

/* Begin XCConfigurationList section */
		F4F829B122B402D7008B5999 /* Build configuration list for PBXProject "MyPortfolio" */ = {
			isa = XCConfigurationList;
			buildConfigurations = (
				F4F829D322B402D8008B5999 /* Debug */,
				F4F829D422B402D8008B5999 /* Release */,
			);
			defaultConfigurationIsVisible = 0;
			defaultConfigurationName = Release;
		};
		F4F829D522B402D8008B5999 /* Build configuration list for PBXNativeTarget "MyPortfolio" */ = {
			isa = XCConfigurationList;
			buildConfigurations = (
				F4F829D622B402D8008B5999 /* Debug */,
				F4F829D722B402D8008B5999 /* Release */,
			);
			defaultConfigurationIsVisible = 0;
			defaultConfigurationName = Release;
		};
		F4F829D822B402D8008B5999 /* Build configuration list for PBXNativeTarget "MyPortfolioTests" */ = {
			isa = XCConfigurationList;
			buildConfigurations = (
				F4F829D922B402D8008B5999 /* Debug */,
				F4F829DA22B402D8008B5999 /* Release */,
			);
			defaultConfigurationIsVisible = 0;
			defaultConfigurationName = Release;
		};
/* End XCConfigurationList section */
	};
	rootObject = F4F829AE22B402D7008B5999 /* Project object */;
}
